
Microsoft Visual Studio Solution File, Format Version 11.00
# Visual Studio 2010 Express for Windows Phone
Project("{FAE04EC0-301F-11D3-BF4B-00C04F79EFBC}") = "MeshLib", "MeshLib\MeshLib.csproj", "{EEC34A30-ACD3-4240-A4FE-5A3F8D5D7B13}"
EndProject
Project("{FAE04EC0-301F-11D3-BF4B-00C04F79EFBC}") = "ColladaConvert", "ColladaConvert\ColladaConvert.csproj", "{83BEB70A-940A-49E7-AD48-528BFD560F12}"
EndProject
Project("{FAE04EC0-301F-11D3-BF4B-00C04F79EFBC}") = "MeshLib360", "MeshLib\MeshLib360.csproj", "{A718EF5B-09C9-40C6-8C8E-2C9F4E2388FD}"
EndProject
Project("{FAE04EC0-301F-11D3-BF4B-00C04F79EFBC}") = "BSPLib", "BSPLib\BSPLib.csproj", "{41BAFD5D-C192-4369-B96E-6B62C6DAA3A6}"
EndProject
Project("{FAE04EC0-301F-11D3-BF4B-00C04F79EFBC}") = "BSPBuilder", "BSPBuilder\BSPBuilder.csproj", "{2C6CA50C-4DB2-4C18-9627-9A38D187EFA7}"
EndProject
Project("{FAE04EC0-301F-11D3-BF4B-00C04F79EFBC}") = "BSPTest", "BSPTest\BSPTest.csproj", "{EC7300F0-FC66-4539-A38F-54AF2F8462A6}"
EndProject
Project("{FAE04EC0-301F-11D3-BF4B-00C04F79EFBC}") = "BSPZone", "BSPZone\BSPZone.csproj", "{AC062C9A-21A8-4B6B-83D9-3BF6DFE5337C}"
EndProject
Project("{FAE04EC0-301F-11D3-BF4B-00C04F79EFBC}") = "ColladaConvertContent", "ColladaConvert\Content\ColladaConvertContent.contentproj", "{5D053E77-1EB7-43AE-A6C8-E5A93C050766}"
EndProject
Project("{FAE04EC0-301F-11D3-BF4B-00C04F79EFBC}") = "BSPBuilderContent", "BSPBuilder\Content\BSPBuilderContent.contentproj", "{5C347C33-3D61-4463-BE54-F8BD0E95ED7C}"
EndProject
Project("{FAE04EC0-301F-11D3-BF4B-00C04F79EFBC}") = "BSPTestContent", "BSPTest\Content\BSPTestContent.contentproj", "{A85BCE7C-C0BE-422C-95D8-9B1CA8DC1B72}"
EndProject
Project("{FAE04EC0-301F-11D3-BF4B-00C04F79EFBC}") = "MaterialLib", "..\MaterialLib\MaterialLib.csproj", "{E6EAA6B0-1140-4BE3-AEFD-0DF83A7A705B}"
EndProject
Project("{FAE04EC0-301F-11D3-BF4B-00C04F79EFBC}") = "MaterialLib360", "..\MaterialLib\MaterialLib360.csproj", "{C4439A8A-A568-4FEC-9C65-4587E7701A54}"
EndProject
Project("{FAE04EC0-301F-11D3-BF4B-00C04F79EFBC}") = "UtilityLib", "..\UtilityLib\UtilityLib.csproj", "{BB91910C-2595-4EB6-B48C-30BCC41457F6}"
EndProject
Project("{FAE04EC0-301F-11D3-BF4B-00C04F79EFBC}") = "UtilityLib360", "..\UtilityLib\UtilityLib360.csproj", "{FA72E344-794D-483E-8373-B2ABD7CD9478}"
EndProject
Project("{FAE04EC0-301F-11D3-BF4B-00C04F79EFBC}") = "BSPZone360", "BSPZone\BSPZone360.csproj", "{9ADA3CB0-33D6-40CB-905D-7FA0DBC69A79}"
EndProject
Project("{FAE04EC0-301F-11D3-BF4B-00C04F79EFBC}") = "SharedContent", "..\SharedContent\SharedContent.contentproj", "{9E3808C2-1EF9-49BC-BCD6-5B80C519BC19}"
EndProject
Project("{FAE04EC0-301F-11D3-BF4B-00C04F79EFBC}") = "SharedForms", "..\SharedForms\SharedForms.csproj", "{29C0FFE8-5702-48A3-840D-54706748FF68}"
EndProject
Project("{FAE04EC0-301F-11D3-BF4B-00C04F79EFBC}") = "BSPTest360", "BSPTest\BSPTest360.csproj", "{C5C7ACA4-5450-40B6-A790-783ACF2E792D}"
EndProject
Project("{FAE04EC0-301F-11D3-BF4B-00C04F79EFBC}") = "BuildWCF", "..\BuildWCF\BuildWCF.csproj", "{0B1BD2EE-2E99-46CA-8F5C-FD07DE595D48}"
EndProject
Global
	GlobalSection(SolutionConfigurationPlatforms) = preSolution
		BSPBuilderDebug|Any CPU = BSPBuilderDebug|Any CPU
		BSPBuilderDebug|Mixed Platforms = BSPBuilderDebug|Mixed Platforms
		BSPBuilderDebug|x86 = BSPBuilderDebug|x86
		BSPBuilderDebug|Xbox 360 = BSPBuilderDebug|Xbox 360
		BSPTestDebug|Any CPU = BSPTestDebug|Any CPU
		BSPTestDebug|Mixed Platforms = BSPTestDebug|Mixed Platforms
		BSPTestDebug|x86 = BSPTestDebug|x86
		BSPTestDebug|Xbox 360 = BSPTestDebug|Xbox 360
		ColladaConvertDebug|Any CPU = ColladaConvertDebug|Any CPU
		ColladaConvertDebug|Mixed Platforms = ColladaConvertDebug|Mixed Platforms
		ColladaConvertDebug|x86 = ColladaConvertDebug|x86
		ColladaConvertDebug|Xbox 360 = ColladaConvertDebug|Xbox 360
		Debug|Any CPU = Debug|Any CPU
		Debug|Mixed Platforms = Debug|Mixed Platforms
		Debug|x86 = Debug|x86
		Debug|Xbox 360 = Debug|Xbox 360
		Release|Any CPU = Release|Any CPU
		Release|Mixed Platforms = Release|Mixed Platforms
		Release|x86 = Release|x86
		Release|Xbox 360 = Release|Xbox 360
	EndGlobalSection
	GlobalSection(ProjectConfigurationPlatforms) = postSolution
		{EEC34A30-ACD3-4240-A4FE-5A3F8D5D7B13}.BSPBuilderDebug|Any CPU.ActiveCfg = BSPBuilderDebug|x86
		{EEC34A30-ACD3-4240-A4FE-5A3F8D5D7B13}.BSPBuilderDebug|Mixed Platforms.ActiveCfg = BSPBuilderDebug|x86
		{EEC34A30-ACD3-4240-A4FE-5A3F8D5D7B13}.BSPBuilderDebug|Mixed Platforms.Build.0 = BSPBuilderDebug|x86
		{EEC34A30-ACD3-4240-A4FE-5A3F8D5D7B13}.BSPBuilderDebug|x86.ActiveCfg = BSPBuilderDebug|x86
		{EEC34A30-ACD3-4240-A4FE-5A3F8D5D7B13}.BSPBuilderDebug|x86.Build.0 = BSPBuilderDebug|x86
		{EEC34A30-ACD3-4240-A4FE-5A3F8D5D7B13}.BSPBuilderDebug|Xbox 360.ActiveCfg = BSPBuilderDebug|x86
		{EEC34A30-ACD3-4240-A4FE-5A3F8D5D7B13}.BSPTestDebug|Any CPU.ActiveCfg = BSPTestDebug|x86
		{EEC34A30-ACD3-4240-A4FE-5A3F8D5D7B13}.BSPTestDebug|Mixed Platforms.ActiveCfg = BSPTestDebug|x86
		{EEC34A30-ACD3-4240-A4FE-5A3F8D5D7B13}.BSPTestDebug|Mixed Platforms.Build.0 = BSPTestDebug|x86
		{EEC34A30-ACD3-4240-A4FE-5A3F8D5D7B13}.BSPTestDebug|x86.ActiveCfg = BSPTestDebug|x86
		{EEC34A30-ACD3-4240-A4FE-5A3F8D5D7B13}.BSPTestDebug|x86.Build.0 = BSPTestDebug|x86
		{EEC34A30-ACD3-4240-A4FE-5A3F8D5D7B13}.BSPTestDebug|Xbox 360.ActiveCfg = BSPTestDebug|x86
		{EEC34A30-ACD3-4240-A4FE-5A3F8D5D7B13}.ColladaConvertDebug|Any CPU.ActiveCfg = ColladaConvertDebug|x86
		{EEC34A30-ACD3-4240-A4FE-5A3F8D5D7B13}.ColladaConvertDebug|Mixed Platforms.ActiveCfg = ColladaConvertDebug|x86
		{EEC34A30-ACD3-4240-A4FE-5A3F8D5D7B13}.ColladaConvertDebug|Mixed Platforms.Build.0 = ColladaConvertDebug|x86
		{EEC34A30-ACD3-4240-A4FE-5A3F8D5D7B13}.ColladaConvertDebug|x86.ActiveCfg = ColladaConvertDebug|x86
		{EEC34A30-ACD3-4240-A4FE-5A3F8D5D7B13}.ColladaConvertDebug|x86.Build.0 = ColladaConvertDebug|x86
		{EEC34A30-ACD3-4240-A4FE-5A3F8D5D7B13}.ColladaConvertDebug|Xbox 360.ActiveCfg = ColladaConvertDebug|x86
		{EEC34A30-ACD3-4240-A4FE-5A3F8D5D7B13}.Debug|Any CPU.ActiveCfg = Debug|x86
		{EEC34A30-ACD3-4240-A4FE-5A3F8D5D7B13}.Debug|Mixed Platforms.ActiveCfg = Debug|x86
		{EEC34A30-ACD3-4240-A4FE-5A3F8D5D7B13}.Debug|Mixed Platforms.Build.0 = Debug|x86
		{EEC34A30-ACD3-4240-A4FE-5A3F8D5D7B13}.Debug|x86.ActiveCfg = Debug|x86
		{EEC34A30-ACD3-4240-A4FE-5A3F8D5D7B13}.Debug|x86.Build.0 = Debug|x86
		{EEC34A30-ACD3-4240-A4FE-5A3F8D5D7B13}.Debug|Xbox 360.ActiveCfg = Debug|x86
		{EEC34A30-ACD3-4240-A4FE-5A3F8D5D7B13}.Release|Any CPU.ActiveCfg = Release|x86
		{EEC34A30-ACD3-4240-A4FE-5A3F8D5D7B13}.Release|Mixed Platforms.ActiveCfg = Release|x86
		{EEC34A30-ACD3-4240-A4FE-5A3F8D5D7B13}.Release|Mixed Platforms.Build.0 = Release|x86
		{EEC34A30-ACD3-4240-A4FE-5A3F8D5D7B13}.Release|x86.ActiveCfg = Release|x86
		{EEC34A30-ACD3-4240-A4FE-5A3F8D5D7B13}.Release|x86.Build.0 = Release|x86
		{EEC34A30-ACD3-4240-A4FE-5A3F8D5D7B13}.Release|Xbox 360.ActiveCfg = Release|x86
		{83BEB70A-940A-49E7-AD48-528BFD560F12}.BSPBuilderDebug|Any CPU.ActiveCfg = BSPBuilderDebug|x86
		{83BEB70A-940A-49E7-AD48-528BFD560F12}.BSPBuilderDebug|Mixed Platforms.ActiveCfg = BSPBuilderDebug|x86
		{83BEB70A-940A-49E7-AD48-528BFD560F12}.BSPBuilderDebug|x86.ActiveCfg = BSPBuilderDebug|x86
		{83BEB70A-940A-49E7-AD48-528BFD560F12}.BSPBuilderDebug|Xbox 360.ActiveCfg = BSPBuilderDebug|x86
		{83BEB70A-940A-49E7-AD48-528BFD560F12}.BSPTestDebug|Any CPU.ActiveCfg = BSPTestDebug|x86
		{83BEB70A-940A-49E7-AD48-528BFD560F12}.BSPTestDebug|Mixed Platforms.ActiveCfg = BSPTestDebug|x86
		{83BEB70A-940A-49E7-AD48-528BFD560F12}.BSPTestDebug|x86.ActiveCfg = BSPTestDebug|x86
		{83BEB70A-940A-49E7-AD48-528BFD560F12}.BSPTestDebug|Xbox 360.ActiveCfg = BSPTestDebug|x86
		{83BEB70A-940A-49E7-AD48-528BFD560F12}.ColladaConvertDebug|Any CPU.ActiveCfg = ColladaConvertDebug|x86
		{83BEB70A-940A-49E7-AD48-528BFD560F12}.ColladaConvertDebug|Mixed Platforms.ActiveCfg = ColladaConvertDebug|x86
		{83BEB70A-940A-49E7-AD48-528BFD560F12}.ColladaConvertDebug|Mixed Platforms.Build.0 = ColladaConvertDebug|x86
		{83BEB70A-940A-49E7-AD48-528BFD560F12}.ColladaConvertDebug|x86.ActiveCfg = ColladaConvertDebug|x86
		{83BEB70A-940A-49E7-AD48-528BFD560F12}.ColladaConvertDebug|x86.Build.0 = ColladaConvertDebug|x86
		{83BEB70A-940A-49E7-AD48-528BFD560F12}.ColladaConvertDebug|Xbox 360.ActiveCfg = ColladaConvertDebug|x86
		{83BEB70A-940A-49E7-AD48-528BFD560F12}.Debug|Any CPU.ActiveCfg = Debug|x86
		{83BEB70A-940A-49E7-AD48-528BFD560F12}.Debug|Mixed Platforms.ActiveCfg = Debug|x86
		{83BEB70A-940A-49E7-AD48-528BFD560F12}.Debug|Mixed Platforms.Build.0 = Debug|x86
		{83BEB70A-940A-49E7-AD48-528BFD560F12}.Debug|x86.ActiveCfg = Debug|x86
		{83BEB70A-940A-49E7-AD48-528BFD560F12}.Debug|x86.Build.0 = Debug|x86
		{83BEB70A-940A-49E7-AD48-528BFD560F12}.Debug|Xbox 360.ActiveCfg = Debug|x86
		{83BEB70A-940A-49E7-AD48-528BFD560F12}.Release|Any CPU.ActiveCfg = Release|x86
		{83BEB70A-940A-49E7-AD48-528BFD560F12}.Release|Mixed Platforms.ActiveCfg = Release|x86
		{83BEB70A-940A-49E7-AD48-528BFD560F12}.Release|Mixed Platforms.Build.0 = Release|x86
		{83BEB70A-940A-49E7-AD48-528BFD560F12}.Release|x86.ActiveCfg = Release|x86
		{83BEB70A-940A-49E7-AD48-528BFD560F12}.Release|x86.Build.0 = Release|x86
		{83BEB70A-940A-49E7-AD48-528BFD560F12}.Release|Xbox 360.ActiveCfg = Release|x86
		{A718EF5B-09C9-40C6-8C8E-2C9F4E2388FD}.BSPBuilderDebug|Any CPU.ActiveCfg = BSPBuilderDebug|Xbox 360
		{A718EF5B-09C9-40C6-8C8E-2C9F4E2388FD}.BSPBuilderDebug|Mixed Platforms.ActiveCfg = BSPBuilderDebug|Xbox 360
		{A718EF5B-09C9-40C6-8C8E-2C9F4E2388FD}.BSPBuilderDebug|Mixed Platforms.Build.0 = BSPBuilderDebug|Xbox 360
		{A718EF5B-09C9-40C6-8C8E-2C9F4E2388FD}.BSPBuilderDebug|x86.ActiveCfg = BSPBuilderDebug|Xbox 360
		{A718EF5B-09C9-40C6-8C8E-2C9F4E2388FD}.BSPBuilderDebug|Xbox 360.ActiveCfg = BSPBuilderDebug|Xbox 360
		{A718EF5B-09C9-40C6-8C8E-2C9F4E2388FD}.BSPBuilderDebug|Xbox 360.Build.0 = BSPBuilderDebug|Xbox 360
		{A718EF5B-09C9-40C6-8C8E-2C9F4E2388FD}.BSPTestDebug|Any CPU.ActiveCfg = BSPTestDebug|Xbox 360
		{A718EF5B-09C9-40C6-8C8E-2C9F4E2388FD}.BSPTestDebug|Mixed Platforms.ActiveCfg = BSPTestDebug|Xbox 360
		{A718EF5B-09C9-40C6-8C8E-2C9F4E2388FD}.BSPTestDebug|Mixed Platforms.Build.0 = BSPTestDebug|Xbox 360
		{A718EF5B-09C9-40C6-8C8E-2C9F4E2388FD}.BSPTestDebug|x86.ActiveCfg = BSPTestDebug|Xbox 360
		{A718EF5B-09C9-40C6-8C8E-2C9F4E2388FD}.BSPTestDebug|Xbox 360.ActiveCfg = BSPTestDebug|Xbox 360
		{A718EF5B-09C9-40C6-8C8E-2C9F4E2388FD}.BSPTestDebug|Xbox 360.Build.0 = BSPTestDebug|Xbox 360
		{A718EF5B-09C9-40C6-8C8E-2C9F4E2388FD}.ColladaConvertDebug|Any CPU.ActiveCfg = ColladaConvertDebug|Xbox 360
		{A718EF5B-09C9-40C6-8C8E-2C9F4E2388FD}.ColladaConvertDebug|Mixed Platforms.ActiveCfg = ColladaConvertDebug|Xbox 360
		{A718EF5B-09C9-40C6-8C8E-2C9F4E2388FD}.ColladaConvertDebug|Mixed Platforms.Build.0 = ColladaConvertDebug|Xbox 360
		{A718EF5B-09C9-40C6-8C8E-2C9F4E2388FD}.ColladaConvertDebug|x86.ActiveCfg = ColladaConvertDebug|Xbox 360
		{A718EF5B-09C9-40C6-8C8E-2C9F4E2388FD}.ColladaConvertDebug|Xbox 360.ActiveCfg = ColladaConvertDebug|Xbox 360
		{A718EF5B-09C9-40C6-8C8E-2C9F4E2388FD}.ColladaConvertDebug|Xbox 360.Build.0 = ColladaConvertDebug|Xbox 360
		{A718EF5B-09C9-40C6-8C8E-2C9F4E2388FD}.Debug|Any CPU.ActiveCfg = Debug|Xbox 360
		{A718EF5B-09C9-40C6-8C8E-2C9F4E2388FD}.Debug|Mixed Platforms.ActiveCfg = Debug|Xbox 360
		{A718EF5B-09C9-40C6-8C8E-2C9F4E2388FD}.Debug|Mixed Platforms.Build.0 = Debug|Xbox 360
		{A718EF5B-09C9-40C6-8C8E-2C9F4E2388FD}.Debug|x86.ActiveCfg = Debug|Xbox 360
		{A718EF5B-09C9-40C6-8C8E-2C9F4E2388FD}.Debug|Xbox 360.ActiveCfg = Debug|Xbox 360
		{A718EF5B-09C9-40C6-8C8E-2C9F4E2388FD}.Debug|Xbox 360.Build.0 = Debug|Xbox 360
		{A718EF5B-09C9-40C6-8C8E-2C9F4E2388FD}.Release|Any CPU.ActiveCfg = Release|Xbox 360
		{A718EF5B-09C9-40C6-8C8E-2C9F4E2388FD}.Release|Mixed Platforms.ActiveCfg = Release|Xbox 360
		{A718EF5B-09C9-40C6-8C8E-2C9F4E2388FD}.Release|Mixed Platforms.Build.0 = Release|Xbox 360
		{A718EF5B-09C9-40C6-8C8E-2C9F4E2388FD}.Release|x86.ActiveCfg = Release|Xbox 360
		{A718EF5B-09C9-40C6-8C8E-2C9F4E2388FD}.Release|Xbox 360.ActiveCfg = Release|Xbox 360
		{A718EF5B-09C9-40C6-8C8E-2C9F4E2388FD}.Release|Xbox 360.Build.0 = Release|Xbox 360
		{41BAFD5D-C192-4369-B96E-6B62C6DAA3A6}.BSPBuilderDebug|Any CPU.ActiveCfg = BSPBuilderDebug|x86
		{41BAFD5D-C192-4369-B96E-6B62C6DAA3A6}.BSPBuilderDebug|Mixed Platforms.ActiveCfg = BSPBuilderDebug|x86
		{41BAFD5D-C192-4369-B96E-6B62C6DAA3A6}.BSPBuilderDebug|Mixed Platforms.Build.0 = BSPBuilderDebug|x86
		{41BAFD5D-C192-4369-B96E-6B62C6DAA3A6}.BSPBuilderDebug|x86.ActiveCfg = BSPBuilderDebug|x86
		{41BAFD5D-C192-4369-B96E-6B62C6DAA3A6}.BSPBuilderDebug|x86.Build.0 = BSPBuilderDebug|x86
		{41BAFD5D-C192-4369-B96E-6B62C6DAA3A6}.BSPBuilderDebug|Xbox 360.ActiveCfg = BSPBuilderDebug|x86
		{41BAFD5D-C192-4369-B96E-6B62C6DAA3A6}.BSPTestDebug|Any CPU.ActiveCfg = BSPTestDebug|x86
		{41BAFD5D-C192-4369-B96E-6B62C6DAA3A6}.BSPTestDebug|Mixed Platforms.ActiveCfg = BSPTestDebug|x86
		{41BAFD5D-C192-4369-B96E-6B62C6DAA3A6}.BSPTestDebug|Mixed Platforms.Build.0 = BSPTestDebug|x86
		{41BAFD5D-C192-4369-B96E-6B62C6DAA3A6}.BSPTestDebug|x86.ActiveCfg = BSPTestDebug|x86
		{41BAFD5D-C192-4369-B96E-6B62C6DAA3A6}.BSPTestDebug|x86.Build.0 = BSPTestDebug|x86
		{41BAFD5D-C192-4369-B96E-6B62C6DAA3A6}.BSPTestDebug|Xbox 360.ActiveCfg = BSPTestDebug|x86
		{41BAFD5D-C192-4369-B96E-6B62C6DAA3A6}.ColladaConvertDebug|Any CPU.ActiveCfg = ColladaConvertDebug|x86
		{41BAFD5D-C192-4369-B96E-6B62C6DAA3A6}.ColladaConvertDebug|Mixed Platforms.ActiveCfg = ColladaConvertDebug|x86
		{41BAFD5D-C192-4369-B96E-6B62C6DAA3A6}.ColladaConvertDebug|x86.ActiveCfg = ColladaConvertDebug|x86
		{41BAFD5D-C192-4369-B96E-6B62C6DAA3A6}.ColladaConvertDebug|x86.Build.0 = ColladaConvertDebug|x86
		{41BAFD5D-C192-4369-B96E-6B62C6DAA3A6}.ColladaConvertDebug|Xbox 360.ActiveCfg = ColladaConvertDebug|x86
		{41BAFD5D-C192-4369-B96E-6B62C6DAA3A6}.Debug|Any CPU.ActiveCfg = Debug|x86
		{41BAFD5D-C192-4369-B96E-6B62C6DAA3A6}.Debug|Mixed Platforms.ActiveCfg = Debug|x86
		{41BAFD5D-C192-4369-B96E-6B62C6DAA3A6}.Debug|Mixed Platforms.Build.0 = Debug|x86
		{41BAFD5D-C192-4369-B96E-6B62C6DAA3A6}.Debug|x86.ActiveCfg = Debug|x86
		{41BAFD5D-C192-4369-B96E-6B62C6DAA3A6}.Debug|x86.Build.0 = Debug|x86
		{41BAFD5D-C192-4369-B96E-6B62C6DAA3A6}.Debug|Xbox 360.ActiveCfg = Debug|x86
		{41BAFD5D-C192-4369-B96E-6B62C6DAA3A6}.Release|Any CPU.ActiveCfg = Release|x86
		{41BAFD5D-C192-4369-B96E-6B62C6DAA3A6}.Release|Mixed Platforms.ActiveCfg = Release|x86
		{41BAFD5D-C192-4369-B96E-6B62C6DAA3A6}.Release|Mixed Platforms.Build.0 = Release|x86
		{41BAFD5D-C192-4369-B96E-6B62C6DAA3A6}.Release|x86.ActiveCfg = Release|x86
		{41BAFD5D-C192-4369-B96E-6B62C6DAA3A6}.Release|x86.Build.0 = Release|x86
		{41BAFD5D-C192-4369-B96E-6B62C6DAA3A6}.Release|Xbox 360.ActiveCfg = Release|x86
		{2C6CA50C-4DB2-4C18-9627-9A38D187EFA7}.BSPBuilderDebug|Any CPU.ActiveCfg = BSPBuilderDebug|x86
		{2C6CA50C-4DB2-4C18-9627-9A38D187EFA7}.BSPBuilderDebug|Mixed Platforms.ActiveCfg = BSPBuilderDebug|x86
		{2C6CA50C-4DB2-4C18-9627-9A38D187EFA7}.BSPBuilderDebug|Mixed Platforms.Build.0 = BSPBuilderDebug|x86
		{2C6CA50C-4DB2-4C18-9627-9A38D187EFA7}.BSPBuilderDebug|x86.ActiveCfg = BSPBuilderDebug|x86
		{2C6CA50C-4DB2-4C18-9627-9A38D187EFA7}.BSPBuilderDebug|x86.Build.0 = BSPBuilderDebug|x86
		{2C6CA50C-4DB2-4C18-9627-9A38D187EFA7}.BSPBuilderDebug|Xbox 360.ActiveCfg = BSPBuilderDebug|x86
		{2C6CA50C-4DB2-4C18-9627-9A38D187EFA7}.BSPTestDebug|Any CPU.ActiveCfg = BSPTestDebug|x86
		{2C6CA50C-4DB2-4C18-9627-9A38D187EFA7}.BSPTestDebug|Mixed Platforms.ActiveCfg = BSPTestDebug|x86
		{2C6CA50C-4DB2-4C18-9627-9A38D187EFA7}.BSPTestDebug|x86.ActiveCfg = BSPTestDebug|x86
		{2C6CA50C-4DB2-4C18-9627-9A38D187EFA7}.BSPTestDebug|Xbox 360.ActiveCfg = BSPTestDebug|x86
		{2C6CA50C-4DB2-4C18-9627-9A38D187EFA7}.ColladaConvertDebug|Any CPU.ActiveCfg = ColladaConvertDebug|x86
		{2C6CA50C-4DB2-4C18-9627-9A38D187EFA7}.ColladaConvertDebug|Mixed Platforms.ActiveCfg = ColladaConvertDebug|x86
		{2C6CA50C-4DB2-4C18-9627-9A38D187EFA7}.ColladaConvertDebug|x86.ActiveCfg = ColladaConvertDebug|x86
		{2C6CA50C-4DB2-4C18-9627-9A38D187EFA7}.ColladaConvertDebug|x86.Build.0 = ColladaConvertDebug|x86
		{2C6CA50C-4DB2-4C18-9627-9A38D187EFA7}.ColladaConvertDebug|Xbox 360.ActiveCfg = ColladaConvertDebug|x86
		{2C6CA50C-4DB2-4C18-9627-9A38D187EFA7}.Debug|Any CPU.ActiveCfg = Debug|x86
		{2C6CA50C-4DB2-4C18-9627-9A38D187EFA7}.Debug|Mixed Platforms.ActiveCfg = Debug|x86
		{2C6CA50C-4DB2-4C18-9627-9A38D187EFA7}.Debug|Mixed Platforms.Build.0 = Debug|x86
		{2C6CA50C-4DB2-4C18-9627-9A38D187EFA7}.Debug|x86.ActiveCfg = Debug|x86
		{2C6CA50C-4DB2-4C18-9627-9A38D187EFA7}.Debug|x86.Build.0 = Debug|x86
		{2C6CA50C-4DB2-4C18-9627-9A38D187EFA7}.Debug|Xbox 360.ActiveCfg = Debug|x86
		{2C6CA50C-4DB2-4C18-9627-9A38D187EFA7}.Release|Any CPU.ActiveCfg = Release|x86
		{2C6CA50C-4DB2-4C18-9627-9A38D187EFA7}.Release|Mixed Platforms.ActiveCfg = Release|x86
		{2C6CA50C-4DB2-4C18-9627-9A38D187EFA7}.Release|Mixed Platforms.Build.0 = Release|x86
		{2C6CA50C-4DB2-4C18-9627-9A38D187EFA7}.Release|x86.ActiveCfg = Release|x86
		{2C6CA50C-4DB2-4C18-9627-9A38D187EFA7}.Release|x86.Build.0 = Release|x86
		{2C6CA50C-4DB2-4C18-9627-9A38D187EFA7}.Release|Xbox 360.ActiveCfg = Release|x86
		{EC7300F0-FC66-4539-A38F-54AF2F8462A6}.BSPBuilderDebug|Any CPU.ActiveCfg = BSPBuilderDebug|x86
		{EC7300F0-FC66-4539-A38F-54AF2F8462A6}.BSPBuilderDebug|Mixed Platforms.ActiveCfg = BSPBuilderDebug|x86
		{EC7300F0-FC66-4539-A38F-54AF2F8462A6}.BSPBuilderDebug|x86.ActiveCfg = BSPBuilderDebug|x86
		{EC7300F0-FC66-4539-A38F-54AF2F8462A6}.BSPBuilderDebug|x86.Build.0 = BSPBuilderDebug|x86
		{EC7300F0-FC66-4539-A38F-54AF2F8462A6}.BSPBuilderDebug|Xbox 360.ActiveCfg = BSPBuilderDebug|x86
		{EC7300F0-FC66-4539-A38F-54AF2F8462A6}.BSPTestDebug|Any CPU.ActiveCfg = BSPTestDebug|x86
		{EC7300F0-FC66-4539-A38F-54AF2F8462A6}.BSPTestDebug|Mixed Platforms.ActiveCfg = BSPTestDebug|x86
		{EC7300F0-FC66-4539-A38F-54AF2F8462A6}.BSPTestDebug|Mixed Platforms.Build.0 = BSPTestDebug|x86
		{EC7300F0-FC66-4539-A38F-54AF2F8462A6}.BSPTestDebug|x86.ActiveCfg = BSPTestDebug|x86
		{EC7300F0-FC66-4539-A38F-54AF2F8462A6}.BSPTestDebug|x86.Build.0 = BSPTestDebug|x86
		{EC7300F0-FC66-4539-A38F-54AF2F8462A6}.BSPTestDebug|Xbox 360.ActiveCfg = BSPTestDebug|x86
		{EC7300F0-FC66-4539-A38F-54AF2F8462A6}.ColladaConvertDebug|Any CPU.ActiveCfg = ColladaConvertDebug|x86
		{EC7300F0-FC66-4539-A38F-54AF2F8462A6}.ColladaConvertDebug|Mixed Platforms.ActiveCfg = ColladaConvertDebug|x86
		{EC7300F0-FC66-4539-A38F-54AF2F8462A6}.ColladaConvertDebug|x86.ActiveCfg = ColladaConvertDebug|x86
		{EC7300F0-FC66-4539-A38F-54AF2F8462A6}.ColladaConvertDebug|x86.Build.0 = ColladaConvertDebug|x86
		{EC7300F0-FC66-4539-A38F-54AF2F8462A6}.ColladaConvertDebug|Xbox 360.ActiveCfg = ColladaConvertDebug|x86
		{EC7300F0-FC66-4539-A38F-54AF2F8462A6}.Debug|Any CPU.ActiveCfg = Debug|x86
		{EC7300F0-FC66-4539-A38F-54AF2F8462A6}.Debug|Mixed Platforms.ActiveCfg = Debug|x86
		{EC7300F0-FC66-4539-A38F-54AF2F8462A6}.Debug|Mixed Platforms.Build.0 = Debug|x86
		{EC7300F0-FC66-4539-A38F-54AF2F8462A6}.Debug|x86.ActiveCfg = Debug|x86
		{EC7300F0-FC66-4539-A38F-54AF2F8462A6}.Debug|x86.Build.0 = Debug|x86
		{EC7300F0-FC66-4539-A38F-54AF2F8462A6}.Debug|Xbox 360.ActiveCfg = Debug|x86
		{EC7300F0-FC66-4539-A38F-54AF2F8462A6}.Release|Any CPU.ActiveCfg = Release|x86
		{EC7300F0-FC66-4539-A38F-54AF2F8462A6}.Release|Mixed Platforms.ActiveCfg = Release|x86
		{EC7300F0-FC66-4539-A38F-54AF2F8462A6}.Release|Mixed Platforms.Build.0 = Release|x86
		{EC7300F0-FC66-4539-A38F-54AF2F8462A6}.Release|x86.ActiveCfg = Release|x86
		{EC7300F0-FC66-4539-A38F-54AF2F8462A6}.Release|x86.Build.0 = Release|x86
		{EC7300F0-FC66-4539-A38F-54AF2F8462A6}.Release|Xbox 360.ActiveCfg = Release|x86
		{AC062C9A-21A8-4B6B-83D9-3BF6DFE5337C}.BSPBuilderDebug|Any CPU.ActiveCfg = BSPBuilderDebug|x86
		{AC062C9A-21A8-4B6B-83D9-3BF6DFE5337C}.BSPBuilderDebug|Mixed Platforms.ActiveCfg = BSPBuilderDebug|x86
		{AC062C9A-21A8-4B6B-83D9-3BF6DFE5337C}.BSPBuilderDebug|Mixed Platforms.Build.0 = BSPBuilderDebug|x86
		{AC062C9A-21A8-4B6B-83D9-3BF6DFE5337C}.BSPBuilderDebug|x86.ActiveCfg = BSPBuilderDebug|x86
		{AC062C9A-21A8-4B6B-83D9-3BF6DFE5337C}.BSPBuilderDebug|x86.Build.0 = BSPBuilderDebug|x86
		{AC062C9A-21A8-4B6B-83D9-3BF6DFE5337C}.BSPBuilderDebug|Xbox 360.ActiveCfg = BSPBuilderDebug|x86
		{AC062C9A-21A8-4B6B-83D9-3BF6DFE5337C}.BSPTestDebug|Any CPU.ActiveCfg = BSPTestDebug|x86
		{AC062C9A-21A8-4B6B-83D9-3BF6DFE5337C}.BSPTestDebug|Mixed Platforms.ActiveCfg = BSPTestDebug|x86
		{AC062C9A-21A8-4B6B-83D9-3BF6DFE5337C}.BSPTestDebug|Mixed Platforms.Build.0 = BSPTestDebug|x86
		{AC062C9A-21A8-4B6B-83D9-3BF6DFE5337C}.BSPTestDebug|x86.ActiveCfg = BSPTestDebug|x86
		{AC062C9A-21A8-4B6B-83D9-3BF6DFE5337C}.BSPTestDebug|x86.Build.0 = BSPTestDebug|x86
		{AC062C9A-21A8-4B6B-83D9-3BF6DFE5337C}.BSPTestDebug|Xbox 360.ActiveCfg = BSPTestDebug|x86
		{AC062C9A-21A8-4B6B-83D9-3BF6DFE5337C}.ColladaConvertDebug|Any CPU.ActiveCfg = ColladaConvertDebug|x86
		{AC062C9A-21A8-4B6B-83D9-3BF6DFE5337C}.ColladaConvertDebug|Mixed Platforms.ActiveCfg = ColladaConvertDebug|x86
		{AC062C9A-21A8-4B6B-83D9-3BF6DFE5337C}.ColladaConvertDebug|x86.ActiveCfg = ColladaConvertDebug|x86
		{AC062C9A-21A8-4B6B-83D9-3BF6DFE5337C}.ColladaConvertDebug|x86.Build.0 = ColladaConvertDebug|x86
		{AC062C9A-21A8-4B6B-83D9-3BF6DFE5337C}.ColladaConvertDebug|Xbox 360.ActiveCfg = ColladaConvertDebug|x86
		{AC062C9A-21A8-4B6B-83D9-3BF6DFE5337C}.Debug|Any CPU.ActiveCfg = Debug|x86
		{AC062C9A-21A8-4B6B-83D9-3BF6DFE5337C}.Debug|Mixed Platforms.ActiveCfg = Debug|x86
		{AC062C9A-21A8-4B6B-83D9-3BF6DFE5337C}.Debug|Mixed Platforms.Build.0 = Debug|x86
		{AC062C9A-21A8-4B6B-83D9-3BF6DFE5337C}.Debug|x86.ActiveCfg = Debug|x86
		{AC062C9A-21A8-4B6B-83D9-3BF6DFE5337C}.Debug|x86.Build.0 = Debug|x86
		{AC062C9A-21A8-4B6B-83D9-3BF6DFE5337C}.Debug|Xbox 360.ActiveCfg = Debug|x86
		{AC062C9A-21A8-4B6B-83D9-3BF6DFE5337C}.Release|Any CPU.ActiveCfg = Release|x86
		{AC062C9A-21A8-4B6B-83D9-3BF6DFE5337C}.Release|Mixed Platforms.ActiveCfg = Release|x86
		{AC062C9A-21A8-4B6B-83D9-3BF6DFE5337C}.Release|Mixed Platforms.Build.0 = Release|x86
		{AC062C9A-21A8-4B6B-83D9-3BF6DFE5337C}.Release|x86.ActiveCfg = Release|x86
		{AC062C9A-21A8-4B6B-83D9-3BF6DFE5337C}.Release|x86.Build.0 = Release|x86
		{AC062C9A-21A8-4B6B-83D9-3BF6DFE5337C}.Release|Xbox 360.ActiveCfg = Release|x86
		{5D053E77-1EB7-43AE-A6C8-E5A93C050766}.BSPBuilderDebug|Any CPU.ActiveCfg = Debug|x86
		{5D053E77-1EB7-43AE-A6C8-E5A93C050766}.BSPBuilderDebug|Mixed Platforms.ActiveCfg = Debug|x86
		{5D053E77-1EB7-43AE-A6C8-E5A93C050766}.BSPBuilderDebug|x86.ActiveCfg = Debug|x86
		{5D053E77-1EB7-43AE-A6C8-E5A93C050766}.BSPBuilderDebug|Xbox 360.ActiveCfg = Debug|x86
		{5D053E77-1EB7-43AE-A6C8-E5A93C050766}.BSPTestDebug|Any CPU.ActiveCfg = Debug|x86
		{5D053E77-1EB7-43AE-A6C8-E5A93C050766}.BSPTestDebug|Mixed Platforms.ActiveCfg = Debug|x86
		{5D053E77-1EB7-43AE-A6C8-E5A93C050766}.BSPTestDebug|x86.ActiveCfg = Debug|x86
		{5D053E77-1EB7-43AE-A6C8-E5A93C050766}.BSPTestDebug|Xbox 360.ActiveCfg = Debug|x86
		{5D053E77-1EB7-43AE-A6C8-E5A93C050766}.ColladaConvertDebug|Any CPU.ActiveCfg = Debug|x86
		{5D053E77-1EB7-43AE-A6C8-E5A93C050766}.ColladaConvertDebug|Mixed Platforms.ActiveCfg = Debug|x86
		{5D053E77-1EB7-43AE-A6C8-E5A93C050766}.ColladaConvertDebug|Mixed Platforms.Build.0 = Debug|x86
		{5D053E77-1EB7-43AE-A6C8-E5A93C050766}.ColladaConvertDebug|x86.ActiveCfg = Debug|x86
		{5D053E77-1EB7-43AE-A6C8-E5A93C050766}.ColladaConvertDebug|Xbox 360.ActiveCfg = Debug|x86
		{5D053E77-1EB7-43AE-A6C8-E5A93C050766}.Debug|Any CPU.ActiveCfg = Debug|x86
		{5D053E77-1EB7-43AE-A6C8-E5A93C050766}.Debug|Mixed Platforms.ActiveCfg = Debug|x86
		{5D053E77-1EB7-43AE-A6C8-E5A93C050766}.Debug|x86.ActiveCfg = Debug|x86
		{5D053E77-1EB7-43AE-A6C8-E5A93C050766}.Debug|Xbox 360.ActiveCfg = Debug|x86
		{5D053E77-1EB7-43AE-A6C8-E5A93C050766}.Release|Any CPU.ActiveCfg = Release|x86
		{5D053E77-1EB7-43AE-A6C8-E5A93C050766}.Release|Mixed Platforms.ActiveCfg = Release|x86
		{5D053E77-1EB7-43AE-A6C8-E5A93C050766}.Release|x86.ActiveCfg = Release|x86
		{5D053E77-1EB7-43AE-A6C8-E5A93C050766}.Release|Xbox 360.ActiveCfg = Release|x86
		{5C347C33-3D61-4463-BE54-F8BD0E95ED7C}.BSPBuilderDebug|Any CPU.ActiveCfg = Debug|x86
		{5C347C33-3D61-4463-BE54-F8BD0E95ED7C}.BSPBuilderDebug|Mixed Platforms.ActiveCfg = Debug|x86
		{5C347C33-3D61-4463-BE54-F8BD0E95ED7C}.BSPBuilderDebug|x86.ActiveCfg = Debug|x86
		{5C347C33-3D61-4463-BE54-F8BD0E95ED7C}.BSPBuilderDebug|Xbox 360.ActiveCfg = Debug|x86
		{5C347C33-3D61-4463-BE54-F8BD0E95ED7C}.BSPTestDebug|Any CPU.ActiveCfg = Debug|x86
		{5C347C33-3D61-4463-BE54-F8BD0E95ED7C}.BSPTestDebug|Mixed Platforms.ActiveCfg = Debug|x86
		{5C347C33-3D61-4463-BE54-F8BD0E95ED7C}.BSPTestDebug|x86.ActiveCfg = Debug|x86
		{5C347C33-3D61-4463-BE54-F8BD0E95ED7C}.BSPTestDebug|Xbox 360.ActiveCfg = Debug|x86
		{5C347C33-3D61-4463-BE54-F8BD0E95ED7C}.ColladaConvertDebug|Any CPU.ActiveCfg = Debug|x86
		{5C347C33-3D61-4463-BE54-F8BD0E95ED7C}.ColladaConvertDebug|Mixed Platforms.ActiveCfg = Debug|x86
		{5C347C33-3D61-4463-BE54-F8BD0E95ED7C}.ColladaConvertDebug|x86.ActiveCfg = Debug|x86
		{5C347C33-3D61-4463-BE54-F8BD0E95ED7C}.ColladaConvertDebug|Xbox 360.ActiveCfg = Debug|x86
		{5C347C33-3D61-4463-BE54-F8BD0E95ED7C}.Debug|Any CPU.ActiveCfg = Debug|x86
		{5C347C33-3D61-4463-BE54-F8BD0E95ED7C}.Debug|Mixed Platforms.ActiveCfg = Debug|x86
		{5C347C33-3D61-4463-BE54-F8BD0E95ED7C}.Debug|x86.ActiveCfg = Debug|x86
		{5C347C33-3D61-4463-BE54-F8BD0E95ED7C}.Debug|Xbox 360.ActiveCfg = Debug|x86
		{5C347C33-3D61-4463-BE54-F8BD0E95ED7C}.Release|Any CPU.ActiveCfg = Release|x86
		{5C347C33-3D61-4463-BE54-F8BD0E95ED7C}.Release|Mixed Platforms.ActiveCfg = Release|x86
		{5C347C33-3D61-4463-BE54-F8BD0E95ED7C}.Release|x86.ActiveCfg = Release|x86
		{5C347C33-3D61-4463-BE54-F8BD0E95ED7C}.Release|Xbox 360.ActiveCfg = Release|x86
		{A85BCE7C-C0BE-422C-95D8-9B1CA8DC1B72}.BSPBuilderDebug|Any CPU.ActiveCfg = Debug|x86
		{A85BCE7C-C0BE-422C-95D8-9B1CA8DC1B72}.BSPBuilderDebug|Mixed Platforms.ActiveCfg = Debug|x86
		{A85BCE7C-C0BE-422C-95D8-9B1CA8DC1B72}.BSPBuilderDebug|x86.ActiveCfg = Debug|x86
		{A85BCE7C-C0BE-422C-95D8-9B1CA8DC1B72}.BSPBuilderDebug|Xbox 360.ActiveCfg = Debug|x86
		{A85BCE7C-C0BE-422C-95D8-9B1CA8DC1B72}.BSPTestDebug|Any CPU.ActiveCfg = Debug|x86
		{A85BCE7C-C0BE-422C-95D8-9B1CA8DC1B72}.BSPTestDebug|Mixed Platforms.ActiveCfg = Debug|x86
		{A85BCE7C-C0BE-422C-95D8-9B1CA8DC1B72}.BSPTestDebug|x86.ActiveCfg = Debug|x86
		{A85BCE7C-C0BE-422C-95D8-9B1CA8DC1B72}.BSPTestDebug|Xbox 360.ActiveCfg = Debug|x86
		{A85BCE7C-C0BE-422C-95D8-9B1CA8DC1B72}.ColladaConvertDebug|Any CPU.ActiveCfg = Debug|x86
		{A85BCE7C-C0BE-422C-95D8-9B1CA8DC1B72}.ColladaConvertDebug|Mixed Platforms.ActiveCfg = Debug|x86
		{A85BCE7C-C0BE-422C-95D8-9B1CA8DC1B72}.ColladaConvertDebug|x86.ActiveCfg = Debug|x86
		{A85BCE7C-C0BE-422C-95D8-9B1CA8DC1B72}.ColladaConvertDebug|Xbox 360.ActiveCfg = Debug|x86
		{A85BCE7C-C0BE-422C-95D8-9B1CA8DC1B72}.Debug|Any CPU.ActiveCfg = Debug|x86
		{A85BCE7C-C0BE-422C-95D8-9B1CA8DC1B72}.Debug|Mixed Platforms.ActiveCfg = Debug|x86
		{A85BCE7C-C0BE-422C-95D8-9B1CA8DC1B72}.Debug|x86.ActiveCfg = Debug|x86
		{A85BCE7C-C0BE-422C-95D8-9B1CA8DC1B72}.Debug|Xbox 360.ActiveCfg = Debug|x86
		{A85BCE7C-C0BE-422C-95D8-9B1CA8DC1B72}.Release|Any CPU.ActiveCfg = Release|x86
		{A85BCE7C-C0BE-422C-95D8-9B1CA8DC1B72}.Release|Mixed Platforms.ActiveCfg = Release|x86
		{A85BCE7C-C0BE-422C-95D8-9B1CA8DC1B72}.Release|x86.ActiveCfg = Release|x86
		{A85BCE7C-C0BE-422C-95D8-9B1CA8DC1B72}.Release|x86.Build.0 = Release|x86
		{A85BCE7C-C0BE-422C-95D8-9B1CA8DC1B72}.Release|Xbox 360.ActiveCfg = Release|x86
		{E6EAA6B0-1140-4BE3-AEFD-0DF83A7A705B}.BSPBuilderDebug|Any CPU.ActiveCfg = BSPBuilderDebug|x86
		{E6EAA6B0-1140-4BE3-AEFD-0DF83A7A705B}.BSPBuilderDebug|Mixed Platforms.ActiveCfg = BSPBuilderDebug|x86
		{E6EAA6B0-1140-4BE3-AEFD-0DF83A7A705B}.BSPBuilderDebug|Mixed Platforms.Build.0 = BSPBuilderDebug|x86
		{E6EAA6B0-1140-4BE3-AEFD-0DF83A7A705B}.BSPBuilderDebug|x86.ActiveCfg = BSPBuilderDebug|x86
		{E6EAA6B0-1140-4BE3-AEFD-0DF83A7A705B}.BSPBuilderDebug|x86.Build.0 = BSPBuilderDebug|x86
		{E6EAA6B0-1140-4BE3-AEFD-0DF83A7A705B}.BSPBuilderDebug|Xbox 360.ActiveCfg = BSPBuilderDebug|x86
		{E6EAA6B0-1140-4BE3-AEFD-0DF83A7A705B}.BSPTestDebug|Any CPU.ActiveCfg = BSPTestDebug|x86
		{E6EAA6B0-1140-4BE3-AEFD-0DF83A7A705B}.BSPTestDebug|Mixed Platforms.ActiveCfg = BSPTestDebug|x86
		{E6EAA6B0-1140-4BE3-AEFD-0DF83A7A705B}.BSPTestDebug|Mixed Platforms.Build.0 = BSPTestDebug|x86
		{E6EAA6B0-1140-4BE3-AEFD-0DF83A7A705B}.BSPTestDebug|x86.ActiveCfg = BSPTestDebug|x86
		{E6EAA6B0-1140-4BE3-AEFD-0DF83A7A705B}.BSPTestDebug|x86.Build.0 = BSPTestDebug|x86
		{E6EAA6B0-1140-4BE3-AEFD-0DF83A7A705B}.BSPTestDebug|Xbox 360.ActiveCfg = BSPTestDebug|x86
		{E6EAA6B0-1140-4BE3-AEFD-0DF83A7A705B}.ColladaConvertDebug|Any CPU.ActiveCfg = ColladaConvertDebug|x86
		{E6EAA6B0-1140-4BE3-AEFD-0DF83A7A705B}.ColladaConvertDebug|Mixed Platforms.ActiveCfg = ColladaConvertDebug|x86
		{E6EAA6B0-1140-4BE3-AEFD-0DF83A7A705B}.ColladaConvertDebug|Mixed Platforms.Build.0 = ColladaConvertDebug|x86
		{E6EAA6B0-1140-4BE3-AEFD-0DF83A7A705B}.ColladaConvertDebug|x86.ActiveCfg = ColladaConvertDebug|x86
		{E6EAA6B0-1140-4BE3-AEFD-0DF83A7A705B}.ColladaConvertDebug|x86.Build.0 = ColladaConvertDebug|x86
		{E6EAA6B0-1140-4BE3-AEFD-0DF83A7A705B}.ColladaConvertDebug|Xbox 360.ActiveCfg = ColladaConvertDebug|x86
		{E6EAA6B0-1140-4BE3-AEFD-0DF83A7A705B}.Debug|Any CPU.ActiveCfg = Debug|x86
		{E6EAA6B0-1140-4BE3-AEFD-0DF83A7A705B}.Debug|Mixed Platforms.ActiveCfg = Debug|x86
		{E6EAA6B0-1140-4BE3-AEFD-0DF83A7A705B}.Debug|Mixed Platforms.Build.0 = Debug|x86
		{E6EAA6B0-1140-4BE3-AEFD-0DF83A7A705B}.Debug|x86.ActiveCfg = Debug|x86
		{E6EAA6B0-1140-4BE3-AEFD-0DF83A7A705B}.Debug|x86.Build.0 = Debug|x86
		{E6EAA6B0-1140-4BE3-AEFD-0DF83A7A705B}.Debug|Xbox 360.ActiveCfg = Debug|x86
		{E6EAA6B0-1140-4BE3-AEFD-0DF83A7A705B}.Release|Any CPU.ActiveCfg = Release|x86
		{E6EAA6B0-1140-4BE3-AEFD-0DF83A7A705B}.Release|Mixed Platforms.ActiveCfg = Release|x86
		{E6EAA6B0-1140-4BE3-AEFD-0DF83A7A705B}.Release|Mixed Platforms.Build.0 = Release|x86
		{E6EAA6B0-1140-4BE3-AEFD-0DF83A7A705B}.Release|x86.ActiveCfg = Release|x86
		{E6EAA6B0-1140-4BE3-AEFD-0DF83A7A705B}.Release|x86.Build.0 = Release|x86
		{E6EAA6B0-1140-4BE3-AEFD-0DF83A7A705B}.Release|Xbox 360.ActiveCfg = Release|x86
		{C4439A8A-A568-4FEC-9C65-4587E7701A54}.BSPBuilderDebug|Any CPU.ActiveCfg = BSPBuilderDebug|Xbox 360
		{C4439A8A-A568-4FEC-9C65-4587E7701A54}.BSPBuilderDebug|Mixed Platforms.ActiveCfg = BSPBuilderDebug|Xbox 360
		{C4439A8A-A568-4FEC-9C65-4587E7701A54}.BSPBuilderDebug|Mixed Platforms.Build.0 = BSPBuilderDebug|Xbox 360
		{C4439A8A-A568-4FEC-9C65-4587E7701A54}.BSPBuilderDebug|x86.ActiveCfg = BSPBuilderDebug|Xbox 360
		{C4439A8A-A568-4FEC-9C65-4587E7701A54}.BSPBuilderDebug|Xbox 360.ActiveCfg = BSPBuilderDebug|Xbox 360
		{C4439A8A-A568-4FEC-9C65-4587E7701A54}.BSPBuilderDebug|Xbox 360.Build.0 = BSPBuilderDebug|Xbox 360
		{C4439A8A-A568-4FEC-9C65-4587E7701A54}.BSPTestDebug|Any CPU.ActiveCfg = BSPTestDebug|Xbox 360
		{C4439A8A-A568-4FEC-9C65-4587E7701A54}.BSPTestDebug|Mixed Platforms.ActiveCfg = BSPTestDebug|Xbox 360
		{C4439A8A-A568-4FEC-9C65-4587E7701A54}.BSPTestDebug|Mixed Platforms.Build.0 = BSPTestDebug|Xbox 360
		{C4439A8A-A568-4FEC-9C65-4587E7701A54}.BSPTestDebug|x86.ActiveCfg = BSPTestDebug|Xbox 360
		{C4439A8A-A568-4FEC-9C65-4587E7701A54}.BSPTestDebug|Xbox 360.ActiveCfg = BSPTestDebug|Xbox 360
		{C4439A8A-A568-4FEC-9C65-4587E7701A54}.BSPTestDebug|Xbox 360.Build.0 = BSPTestDebug|Xbox 360
		{C4439A8A-A568-4FEC-9C65-4587E7701A54}.ColladaConvertDebug|Any CPU.ActiveCfg = ColladaConvertDebug|Xbox 360
		{C4439A8A-A568-4FEC-9C65-4587E7701A54}.ColladaConvertDebug|Mixed Platforms.ActiveCfg = ColladaConvertDebug|Xbox 360
		{C4439A8A-A568-4FEC-9C65-4587E7701A54}.ColladaConvertDebug|Mixed Platforms.Build.0 = ColladaConvertDebug|Xbox 360
		{C4439A8A-A568-4FEC-9C65-4587E7701A54}.ColladaConvertDebug|x86.ActiveCfg = ColladaConvertDebug|Xbox 360
		{C4439A8A-A568-4FEC-9C65-4587E7701A54}.ColladaConvertDebug|Xbox 360.ActiveCfg = ColladaConvertDebug|Xbox 360
		{C4439A8A-A568-4FEC-9C65-4587E7701A54}.ColladaConvertDebug|Xbox 360.Build.0 = ColladaConvertDebug|Xbox 360
		{C4439A8A-A568-4FEC-9C65-4587E7701A54}.Debug|Any CPU.ActiveCfg = Debug|Xbox 360
		{C4439A8A-A568-4FEC-9C65-4587E7701A54}.Debug|Mixed Platforms.ActiveCfg = Debug|Xbox 360
		{C4439A8A-A568-4FEC-9C65-4587E7701A54}.Debug|Mixed Platforms.Build.0 = Debug|Xbox 360
		{C4439A8A-A568-4FEC-9C65-4587E7701A54}.Debug|x86.ActiveCfg = Debug|Xbox 360
		{C4439A8A-A568-4FEC-9C65-4587E7701A54}.Debug|Xbox 360.ActiveCfg = Debug|Xbox 360
		{C4439A8A-A568-4FEC-9C65-4587E7701A54}.Debug|Xbox 360.Build.0 = Debug|Xbox 360
		{C4439A8A-A568-4FEC-9C65-4587E7701A54}.Release|Any CPU.ActiveCfg = Release|Xbox 360
		{C4439A8A-A568-4FEC-9C65-4587E7701A54}.Release|Mixed Platforms.ActiveCfg = Release|Xbox 360
		{C4439A8A-A568-4FEC-9C65-4587E7701A54}.Release|Mixed Platforms.Build.0 = Release|Xbox 360
		{C4439A8A-A568-4FEC-9C65-4587E7701A54}.Release|x86.ActiveCfg = Release|Xbox 360
		{C4439A8A-A568-4FEC-9C65-4587E7701A54}.Release|Xbox 360.ActiveCfg = Release|Xbox 360
		{C4439A8A-A568-4FEC-9C65-4587E7701A54}.Release|Xbox 360.Build.0 = Release|Xbox 360
		{BB91910C-2595-4EB6-B48C-30BCC41457F6}.BSPBuilderDebug|Any CPU.ActiveCfg = BSPBuilderDebug|x86
		{BB91910C-2595-4EB6-B48C-30BCC41457F6}.BSPBuilderDebug|Mixed Platforms.ActiveCfg = BSPBuilderDebug|x86
		{BB91910C-2595-4EB6-B48C-30BCC41457F6}.BSPBuilderDebug|Mixed Platforms.Build.0 = BSPBuilderDebug|x86
		{BB91910C-2595-4EB6-B48C-30BCC41457F6}.BSPBuilderDebug|x86.ActiveCfg = BSPBuilderDebug|x86
		{BB91910C-2595-4EB6-B48C-30BCC41457F6}.BSPBuilderDebug|x86.Build.0 = BSPBuilderDebug|x86
		{BB91910C-2595-4EB6-B48C-30BCC41457F6}.BSPBuilderDebug|Xbox 360.ActiveCfg = BSPBuilderDebug|x86
		{BB91910C-2595-4EB6-B48C-30BCC41457F6}.BSPTestDebug|Any CPU.ActiveCfg = BSPTestDebug|x86
		{BB91910C-2595-4EB6-B48C-30BCC41457F6}.BSPTestDebug|Mixed Platforms.ActiveCfg = BSPTestDebug|x86
		{BB91910C-2595-4EB6-B48C-30BCC41457F6}.BSPTestDebug|Mixed Platforms.Build.0 = BSPTestDebug|x86
		{BB91910C-2595-4EB6-B48C-30BCC41457F6}.BSPTestDebug|x86.ActiveCfg = BSPTestDebug|x86
		{BB91910C-2595-4EB6-B48C-30BCC41457F6}.BSPTestDebug|x86.Build.0 = BSPTestDebug|x86
		{BB91910C-2595-4EB6-B48C-30BCC41457F6}.BSPTestDebug|Xbox 360.ActiveCfg = BSPTestDebug|x86
		{BB91910C-2595-4EB6-B48C-30BCC41457F6}.ColladaConvertDebug|Any CPU.ActiveCfg = ColladaConvertDebug|x86
		{BB91910C-2595-4EB6-B48C-30BCC41457F6}.ColladaConvertDebug|Mixed Platforms.ActiveCfg = ColladaConvertDebug|x86
		{BB91910C-2595-4EB6-B48C-30BCC41457F6}.ColladaConvertDebug|Mixed Platforms.Build.0 = ColladaConvertDebug|x86
		{BB91910C-2595-4EB6-B48C-30BCC41457F6}.ColladaConvertDebug|x86.ActiveCfg = ColladaConvertDebug|x86
		{BB91910C-2595-4EB6-B48C-30BCC41457F6}.ColladaConvertDebug|x86.Build.0 = ColladaConvertDebug|x86
		{BB91910C-2595-4EB6-B48C-30BCC41457F6}.ColladaConvertDebug|Xbox 360.ActiveCfg = ColladaConvertDebug|x86
		{BB91910C-2595-4EB6-B48C-30BCC41457F6}.Debug|Any CPU.ActiveCfg = Debug|x86
		{BB91910C-2595-4EB6-B48C-30BCC41457F6}.Debug|Mixed Platforms.ActiveCfg = Debug|x86
		{BB91910C-2595-4EB6-B48C-30BCC41457F6}.Debug|Mixed Platforms.Build.0 = Debug|x86
		{BB91910C-2595-4EB6-B48C-30BCC41457F6}.Debug|x86.ActiveCfg = Debug|x86
		{BB91910C-2595-4EB6-B48C-30BCC41457F6}.Debug|x86.Build.0 = Debug|x86
		{BB91910C-2595-4EB6-B48C-30BCC41457F6}.Debug|Xbox 360.ActiveCfg = Debug|x86
		{BB91910C-2595-4EB6-B48C-30BCC41457F6}.Release|Any CPU.ActiveCfg = Release|x86
		{BB91910C-2595-4EB6-B48C-30BCC41457F6}.Release|Mixed Platforms.ActiveCfg = Release|x86
		{BB91910C-2595-4EB6-B48C-30BCC41457F6}.Release|Mixed Platforms.Build.0 = Release|x86
		{BB91910C-2595-4EB6-B48C-30BCC41457F6}.Release|x86.ActiveCfg = Release|x86
		{BB91910C-2595-4EB6-B48C-30BCC41457F6}.Release|x86.Build.0 = Release|x86
		{BB91910C-2595-4EB6-B48C-30BCC41457F6}.Release|Xbox 360.ActiveCfg = Release|x86
		{FA72E344-794D-483E-8373-B2ABD7CD9478}.BSPBuilderDebug|Any CPU.ActiveCfg = BSPBuilderDebug|Xbox 360
		{FA72E344-794D-483E-8373-B2ABD7CD9478}.BSPBuilderDebug|Mixed Platforms.ActiveCfg = BSPBuilderDebug|Xbox 360
		{FA72E344-794D-483E-8373-B2ABD7CD9478}.BSPBuilderDebug|Mixed Platforms.Build.0 = BSPBuilderDebug|Xbox 360
		{FA72E344-794D-483E-8373-B2ABD7CD9478}.BSPBuilderDebug|x86.ActiveCfg = BSPBuilderDebug|Xbox 360
		{FA72E344-794D-483E-8373-B2ABD7CD9478}.BSPBuilderDebug|Xbox 360.ActiveCfg = BSPBuilderDebug|Xbox 360
		{FA72E344-794D-483E-8373-B2ABD7CD9478}.BSPBuilderDebug|Xbox 360.Build.0 = BSPBuilderDebug|Xbox 360
		{FA72E344-794D-483E-8373-B2ABD7CD9478}.BSPTestDebug|Any CPU.ActiveCfg = BSPTestDebug|Xbox 360
		{FA72E344-794D-483E-8373-B2ABD7CD9478}.BSPTestDebug|Mixed Platforms.ActiveCfg = BSPTestDebug|Xbox 360
		{FA72E344-794D-483E-8373-B2ABD7CD9478}.BSPTestDebug|Mixed Platforms.Build.0 = BSPTestDebug|Xbox 360
		{FA72E344-794D-483E-8373-B2ABD7CD9478}.BSPTestDebug|x86.ActiveCfg = BSPTestDebug|Xbox 360
		{FA72E344-794D-483E-8373-B2ABD7CD9478}.BSPTestDebug|Xbox 360.ActiveCfg = BSPTestDebug|Xbox 360
		{FA72E344-794D-483E-8373-B2ABD7CD9478}.BSPTestDebug|Xbox 360.Build.0 = BSPTestDebug|Xbox 360
		{FA72E344-794D-483E-8373-B2ABD7CD9478}.ColladaConvertDebug|Any CPU.ActiveCfg = ColladaConvertDebug|Xbox 360
		{FA72E344-794D-483E-8373-B2ABD7CD9478}.ColladaConvertDebug|Mixed Platforms.ActiveCfg = ColladaConvertDebug|Xbox 360
		{FA72E344-794D-483E-8373-B2ABD7CD9478}.ColladaConvertDebug|Mixed Platforms.Build.0 = ColladaConvertDebug|Xbox 360
		{FA72E344-794D-483E-8373-B2ABD7CD9478}.ColladaConvertDebug|x86.ActiveCfg = ColladaConvertDebug|Xbox 360
		{FA72E344-794D-483E-8373-B2ABD7CD9478}.ColladaConvertDebug|Xbox 360.ActiveCfg = ColladaConvertDebug|Xbox 360
		{FA72E344-794D-483E-8373-B2ABD7CD9478}.ColladaConvertDebug|Xbox 360.Build.0 = ColladaConvertDebug|Xbox 360
		{FA72E344-794D-483E-8373-B2ABD7CD9478}.Debug|Any CPU.ActiveCfg = Debug|Xbox 360
		{FA72E344-794D-483E-8373-B2ABD7CD9478}.Debug|Mixed Platforms.ActiveCfg = Debug|Xbox 360
		{FA72E344-794D-483E-8373-B2ABD7CD9478}.Debug|Mixed Platforms.Build.0 = Debug|Xbox 360
		{FA72E344-794D-483E-8373-B2ABD7CD9478}.Debug|x86.ActiveCfg = Debug|Xbox 360
		{FA72E344-794D-483E-8373-B2ABD7CD9478}.Debug|Xbox 360.ActiveCfg = Debug|Xbox 360
		{FA72E344-794D-483E-8373-B2ABD7CD9478}.Debug|Xbox 360.Build.0 = Debug|Xbox 360
		{FA72E344-794D-483E-8373-B2ABD7CD9478}.Release|Any CPU.ActiveCfg = Release|Xbox 360
		{FA72E344-794D-483E-8373-B2ABD7CD9478}.Release|Mixed Platforms.ActiveCfg = Release|Xbox 360
		{FA72E344-794D-483E-8373-B2ABD7CD9478}.Release|Mixed Platforms.Build.0 = Release|Xbox 360
		{FA72E344-794D-483E-8373-B2ABD7CD9478}.Release|x86.ActiveCfg = Release|Xbox 360
		{FA72E344-794D-483E-8373-B2ABD7CD9478}.Release|Xbox 360.ActiveCfg = Release|Xbox 360
		{FA72E344-794D-483E-8373-B2ABD7CD9478}.Release|Xbox 360.Build.0 = Release|Xbox 360
		{9ADA3CB0-33D6-40CB-905D-7FA0DBC69A79}.BSPBuilderDebug|Any CPU.ActiveCfg = BSPBuilderDebug|Xbox 360
		{9ADA3CB0-33D6-40CB-905D-7FA0DBC69A79}.BSPBuilderDebug|Mixed Platforms.ActiveCfg = BSPBuilderDebug|Xbox 360
		{9ADA3CB0-33D6-40CB-905D-7FA0DBC69A79}.BSPBuilderDebug|Mixed Platforms.Build.0 = BSPBuilderDebug|Xbox 360
		{9ADA3CB0-33D6-40CB-905D-7FA0DBC69A79}.BSPBuilderDebug|x86.ActiveCfg = BSPBuilderDebug|Xbox 360
		{9ADA3CB0-33D6-40CB-905D-7FA0DBC69A79}.BSPBuilderDebug|Xbox 360.ActiveCfg = BSPBuilderDebug|Xbox 360
		{9ADA3CB0-33D6-40CB-905D-7FA0DBC69A79}.BSPBuilderDebug|Xbox 360.Build.0 = BSPBuilderDebug|Xbox 360
		{9ADA3CB0-33D6-40CB-905D-7FA0DBC69A79}.BSPTestDebug|Any CPU.ActiveCfg = BSPTestDebug|Xbox 360
		{9ADA3CB0-33D6-40CB-905D-7FA0DBC69A79}.BSPTestDebug|Mixed Platforms.ActiveCfg = BSPTestDebug|Xbox 360
		{9ADA3CB0-33D6-40CB-905D-7FA0DBC69A79}.BSPTestDebug|Mixed Platforms.Build.0 = BSPTestDebug|Xbox 360
		{9ADA3CB0-33D6-40CB-905D-7FA0DBC69A79}.BSPTestDebug|x86.ActiveCfg = BSPTestDebug|Xbox 360
		{9ADA3CB0-33D6-40CB-905D-7FA0DBC69A79}.BSPTestDebug|Xbox 360.ActiveCfg = BSPTestDebug|Xbox 360
		{9ADA3CB0-33D6-40CB-905D-7FA0DBC69A79}.BSPTestDebug|Xbox 360.Build.0 = BSPTestDebug|Xbox 360
		{9ADA3CB0-33D6-40CB-905D-7FA0DBC69A79}.ColladaConvertDebug|Any CPU.ActiveCfg = ColladaConvertDebug|Xbox 360
		{9ADA3CB0-33D6-40CB-905D-7FA0DBC69A79}.ColladaConvertDebug|Mixed Platforms.ActiveCfg = ColladaConvertDebug|Xbox 360
		{9ADA3CB0-33D6-40CB-905D-7FA0DBC69A79}.ColladaConvertDebug|x86.ActiveCfg = ColladaConvertDebug|Xbox 360
		{9ADA3CB0-33D6-40CB-905D-7FA0DBC69A79}.ColladaConvertDebug|Xbox 360.ActiveCfg = ColladaConvertDebug|Xbox 360
		{9ADA3CB0-33D6-40CB-905D-7FA0DBC69A79}.ColladaConvertDebug|Xbox 360.Build.0 = ColladaConvertDebug|Xbox 360
		{9ADA3CB0-33D6-40CB-905D-7FA0DBC69A79}.Debug|Any CPU.ActiveCfg = Debug|Xbox 360
		{9ADA3CB0-33D6-40CB-905D-7FA0DBC69A79}.Debug|Mixed Platforms.ActiveCfg = Debug|Xbox 360
		{9ADA3CB0-33D6-40CB-905D-7FA0DBC69A79}.Debug|Mixed Platforms.Build.0 = Debug|Xbox 360
		{9ADA3CB0-33D6-40CB-905D-7FA0DBC69A79}.Debug|x86.ActiveCfg = Debug|Xbox 360
		{9ADA3CB0-33D6-40CB-905D-7FA0DBC69A79}.Debug|Xbox 360.ActiveCfg = Debug|Xbox 360
		{9ADA3CB0-33D6-40CB-905D-7FA0DBC69A79}.Debug|Xbox 360.Build.0 = Debug|Xbox 360
		{9ADA3CB0-33D6-40CB-905D-7FA0DBC69A79}.Release|Any CPU.ActiveCfg = Release|Xbox 360
		{9ADA3CB0-33D6-40CB-905D-7FA0DBC69A79}.Release|Mixed Platforms.ActiveCfg = Release|Xbox 360
		{9ADA3CB0-33D6-40CB-905D-7FA0DBC69A79}.Release|Mixed Platforms.Build.0 = Release|Xbox 360
		{9ADA3CB0-33D6-40CB-905D-7FA0DBC69A79}.Release|x86.ActiveCfg = Release|Xbox 360
		{9ADA3CB0-33D6-40CB-905D-7FA0DBC69A79}.Release|Xbox 360.ActiveCfg = Release|Xbox 360
		{9ADA3CB0-33D6-40CB-905D-7FA0DBC69A79}.Release|Xbox 360.Build.0 = Release|Xbox 360
		{9E3808C2-1EF9-49BC-BCD6-5B80C519BC19}.BSPBuilderDebug|Any CPU.ActiveCfg = Debug|Any CPU
		{9E3808C2-1EF9-49BC-BCD6-5B80C519BC19}.BSPBuilderDebug|Mixed Platforms.ActiveCfg = Debug|Any CPU
		{9E3808C2-1EF9-49BC-BCD6-5B80C519BC19}.BSPBuilderDebug|x86.ActiveCfg = Debug|Any CPU
		{9E3808C2-1EF9-49BC-BCD6-5B80C519BC19}.BSPBuilderDebug|Xbox 360.ActiveCfg = Debug|Any CPU
		{9E3808C2-1EF9-49BC-BCD6-5B80C519BC19}.BSPTestDebug|Any CPU.ActiveCfg = Debug|Any CPU
		{9E3808C2-1EF9-49BC-BCD6-5B80C519BC19}.BSPTestDebug|Mixed Platforms.ActiveCfg = Debug|Any CPU
		{9E3808C2-1EF9-49BC-BCD6-5B80C519BC19}.BSPTestDebug|x86.ActiveCfg = Debug|Any CPU
		{9E3808C2-1EF9-49BC-BCD6-5B80C519BC19}.BSPTestDebug|Xbox 360.ActiveCfg = Debug|Any CPU
		{9E3808C2-1EF9-49BC-BCD6-5B80C519BC19}.ColladaConvertDebug|Any CPU.ActiveCfg = Debug|Any CPU
		{9E3808C2-1EF9-49BC-BCD6-5B80C519BC19}.ColladaConvertDebug|Mixed Platforms.ActiveCfg = Debug|Any CPU
		{9E3808C2-1EF9-49BC-BCD6-5B80C519BC19}.ColladaConvertDebug|x86.ActiveCfg = Debug|Any CPU
		{9E3808C2-1EF9-49BC-BCD6-5B80C519BC19}.ColladaConvertDebug|Xbox 360.ActiveCfg = Debug|Any CPU
		{9E3808C2-1EF9-49BC-BCD6-5B80C519BC19}.Debug|Any CPU.ActiveCfg = Debug|Any CPU
		{9E3808C2-1EF9-49BC-BCD6-5B80C519BC19}.Debug|Mixed Platforms.ActiveCfg = Debug|Any CPU
		{9E3808C2-1EF9-49BC-BCD6-5B80C519BC19}.Debug|x86.ActiveCfg = Debug|Any CPU
		{9E3808C2-1EF9-49BC-BCD6-5B80C519BC19}.Debug|Xbox 360.ActiveCfg = Debug|Any CPU
		{9E3808C2-1EF9-49BC-BCD6-5B80C519BC19}.Release|Any CPU.ActiveCfg = Debug|Any CPU
		{9E3808C2-1EF9-49BC-BCD6-5B80C519BC19}.Release|Mixed Platforms.ActiveCfg = Debug|Any CPU
		{9E3808C2-1EF9-49BC-BCD6-5B80C519BC19}.Release|x86.ActiveCfg = Debug|Any CPU
		{9E3808C2-1EF9-49BC-BCD6-5B80C519BC19}.Release|Xbox 360.ActiveCfg = Debug|Any CPU
		{29C0FFE8-5702-48A3-840D-54706748FF68}.BSPBuilderDebug|Any CPU.ActiveCfg = Debug|x86
		{29C0FFE8-5702-48A3-840D-54706748FF68}.BSPBuilderDebug|Mixed Platforms.ActiveCfg = Debug|x86
		{29C0FFE8-5702-48A3-840D-54706748FF68}.BSPBuilderDebug|Mixed Platforms.Build.0 = Debug|x86
		{29C0FFE8-5702-48A3-840D-54706748FF68}.BSPBuilderDebug|x86.ActiveCfg = Debug|x86
		{29C0FFE8-5702-48A3-840D-54706748FF68}.BSPBuilderDebug|x86.Build.0 = Debug|x86
		{29C0FFE8-5702-48A3-840D-54706748FF68}.BSPBuilderDebug|Xbox 360.ActiveCfg = Debug|x86
		{29C0FFE8-5702-48A3-840D-54706748FF68}.BSPTestDebug|Any CPU.ActiveCfg = BSPTestDebug|x86
		{29C0FFE8-5702-48A3-840D-54706748FF68}.BSPTestDebug|Mixed Platforms.ActiveCfg = BSPTestDebug|x86
		{29C0FFE8-5702-48A3-840D-54706748FF68}.BSPTestDebug|x86.ActiveCfg = BSPTestDebug|x86
		{29C0FFE8-5702-48A3-840D-54706748FF68}.BSPTestDebug|Xbox 360.ActiveCfg = BSPTestDebug|x86
		{29C0FFE8-5702-48A3-840D-54706748FF68}.ColladaConvertDebug|Any CPU.ActiveCfg = ColladaConvertDebug|x86
		{29C0FFE8-5702-48A3-840D-54706748FF68}.ColladaConvertDebug|Mixed Platforms.ActiveCfg = ColladaConvertDebug|x86
		{29C0FFE8-5702-48A3-840D-54706748FF68}.ColladaConvertDebug|Mixed Platforms.Build.0 = ColladaConvertDebug|x86
		{29C0FFE8-5702-48A3-840D-54706748FF68}.ColladaConvertDebug|x86.ActiveCfg = ColladaConvertDebug|x86
		{29C0FFE8-5702-48A3-840D-54706748FF68}.ColladaConvertDebug|x86.Build.0 = ColladaConvertDebug|x86
		{29C0FFE8-5702-48A3-840D-54706748FF68}.ColladaConvertDebug|Xbox 360.ActiveCfg = ColladaConvertDebug|x86
		{29C0FFE8-5702-48A3-840D-54706748FF68}.Debug|Any CPU.ActiveCfg = Debug|x86
		{29C0FFE8-5702-48A3-840D-54706748FF68}.Debug|Mixed Platforms.ActiveCfg = Debug|x86
		{29C0FFE8-5702-48A3-840D-54706748FF68}.Debug|Mixed Platforms.Build.0 = Debug|x86
		{29C0FFE8-5702-48A3-840D-54706748FF68}.Debug|x86.ActiveCfg = Debug|x86
		{29C0FFE8-5702-48A3-840D-54706748FF68}.Debug|x86.Build.0 = Debug|x86
		{29C0FFE8-5702-48A3-840D-54706748FF68}.Debug|Xbox 360.ActiveCfg = Debug|x86
		{29C0FFE8-5702-48A3-840D-54706748FF68}.Release|Any CPU.ActiveCfg = Release|x86
		{29C0FFE8-5702-48A3-840D-54706748FF68}.Release|Mixed Platforms.ActiveCfg = Release|x86
		{29C0FFE8-5702-48A3-840D-54706748FF68}.Release|Mixed Platforms.Build.0 = Release|x86
		{29C0FFE8-5702-48A3-840D-54706748FF68}.Release|x86.ActiveCfg = Release|x86
		{29C0FFE8-5702-48A3-840D-54706748FF68}.Release|x86.Build.0 = Release|x86
		{29C0FFE8-5702-48A3-840D-54706748FF68}.Release|Xbox 360.ActiveCfg = Release|x86
		{C5C7ACA4-5450-40B6-A790-783ACF2E792D}.BSPBuilderDebug|Any CPU.ActiveCfg = Debug|Xbox 360
		{C5C7ACA4-5450-40B6-A790-783ACF2E792D}.BSPBuilderDebug|Mixed Platforms.ActiveCfg = Debug|Xbox 360
		{C5C7ACA4-5450-40B6-A790-783ACF2E792D}.BSPBuilderDebug|Mixed Platforms.Build.0 = Debug|Xbox 360
		{C5C7ACA4-5450-40B6-A790-783ACF2E792D}.BSPBuilderDebug|Mixed Platforms.Deploy.0 = Debug|Xbox 360
		{C5C7ACA4-5450-40B6-A790-783ACF2E792D}.BSPBuilderDebug|x86.ActiveCfg = Debug|Xbox 360
		{C5C7ACA4-5450-40B6-A790-783ACF2E792D}.BSPBuilderDebug|Xbox 360.ActiveCfg = Debug|Xbox 360
		{C5C7ACA4-5450-40B6-A790-783ACF2E792D}.BSPBuilderDebug|Xbox 360.Build.0 = Debug|Xbox 360
		{C5C7ACA4-5450-40B6-A790-783ACF2E792D}.BSPBuilderDebug|Xbox 360.Deploy.0 = Debug|Xbox 360
		{C5C7ACA4-5450-40B6-A790-783ACF2E792D}.BSPTestDebug|Any CPU.ActiveCfg = Debug|Xbox 360
		{C5C7ACA4-5450-40B6-A790-783ACF2E792D}.BSPTestDebug|Mixed Platforms.ActiveCfg = Debug|Xbox 360
		{C5C7ACA4-5450-40B6-A790-783ACF2E792D}.BSPTestDebug|Mixed Platforms.Build.0 = Debug|Xbox 360
		{C5C7ACA4-5450-40B6-A790-783ACF2E792D}.BSPTestDebug|Mixed Platforms.Deploy.0 = Debug|Xbox 360
		{C5C7ACA4-5450-40B6-A790-783ACF2E792D}.BSPTestDebug|x86.ActiveCfg = Debug|Xbox 360
		{C5C7ACA4-5450-40B6-A790-783ACF2E792D}.BSPTestDebug|Xbox 360.ActiveCfg = Debug|Xbox 360
		{C5C7ACA4-5450-40B6-A790-783ACF2E792D}.BSPTestDebug|Xbox 360.Build.0 = Debug|Xbox 360
		{C5C7ACA4-5450-40B6-A790-783ACF2E792D}.BSPTestDebug|Xbox 360.Deploy.0 = Debug|Xbox 360
		{C5C7ACA4-5450-40B6-A790-783ACF2E792D}.ColladaConvertDebug|Any CPU.ActiveCfg = Debug|Xbox 360
		{C5C7ACA4-5450-40B6-A790-783ACF2E792D}.ColladaConvertDebug|Mixed Platforms.ActiveCfg = Debug|Xbox 360
		{C5C7ACA4-5450-40B6-A790-783ACF2E792D}.ColladaConvertDebug|Mixed Platforms.Build.0 = Debug|Xbox 360
		{C5C7ACA4-5450-40B6-A790-783ACF2E792D}.ColladaConvertDebug|Mixed Platforms.Deploy.0 = Debug|Xbox 360
		{C5C7ACA4-5450-40B6-A790-783ACF2E792D}.ColladaConvertDebug|x86.ActiveCfg = Debug|Xbox 360
		{C5C7ACA4-5450-40B6-A790-783ACF2E792D}.ColladaConvertDebug|Xbox 360.ActiveCfg = Debug|Xbox 360
		{C5C7ACA4-5450-40B6-A790-783ACF2E792D}.ColladaConvertDebug|Xbox 360.Build.0 = Debug|Xbox 360
		{C5C7ACA4-5450-40B6-A790-783ACF2E792D}.ColladaConvertDebug|Xbox 360.Deploy.0 = Debug|Xbox 360
		{C5C7ACA4-5450-40B6-A790-783ACF2E792D}.Debug|Any CPU.ActiveCfg = Debug|Xbox 360
		{C5C7ACA4-5450-40B6-A790-783ACF2E792D}.Debug|Mixed Platforms.ActiveCfg = Debug|Xbox 360
		{C5C7ACA4-5450-40B6-A790-783ACF2E792D}.Debug|Mixed Platforms.Build.0 = Debug|Xbox 360
		{C5C7ACA4-5450-40B6-A790-783ACF2E792D}.Debug|Mixed Platforms.Deploy.0 = Debug|Xbox 360
		{C5C7ACA4-5450-40B6-A790-783ACF2E792D}.Debug|x86.ActiveCfg = Debug|Xbox 360
		{C5C7ACA4-5450-40B6-A790-783ACF2E792D}.Debug|Xbox 360.ActiveCfg = Debug|Xbox 360
		{C5C7ACA4-5450-40B6-A790-783ACF2E792D}.Debug|Xbox 360.Build.0 = Debug|Xbox 360
		{C5C7ACA4-5450-40B6-A790-783ACF2E792D}.Debug|Xbox 360.Deploy.0 = Debug|Xbox 360
		{C5C7ACA4-5450-40B6-A790-783ACF2E792D}.Release|Any CPU.ActiveCfg = Release|Xbox 360
		{C5C7ACA4-5450-40B6-A790-783ACF2E792D}.Release|Mixed Platforms.ActiveCfg = Release|Xbox 360
		{C5C7ACA4-5450-40B6-A790-783ACF2E792D}.Release|Mixed Platforms.Build.0 = Release|Xbox 360
		{C5C7ACA4-5450-40B6-A790-783ACF2E792D}.Release|Mixed Platforms.Deploy.0 = Release|Xbox 360
		{C5C7ACA4-5450-40B6-A790-783ACF2E792D}.Release|x86.ActiveCfg = Release|Xbox 360
		{C5C7ACA4-5450-40B6-A790-783ACF2E792D}.Release|Xbox 360.ActiveCfg = Release|Xbox 360
		{C5C7ACA4-5450-40B6-A790-783ACF2E792D}.Release|Xbox 360.Build.0 = Release|Xbox 360
		{C5C7ACA4-5450-40B6-A790-783ACF2E792D}.Release|Xbox 360.Deploy.0 = Release|Xbox 360
		{0B1BD2EE-2E99-46CA-8F5C-FD07DE595D48}.BSPBuilderDebug|Any CPU.ActiveCfg = Debug|Any CPU
		{0B1BD2EE-2E99-46CA-8F5C-FD07DE595D48}.BSPBuilderDebug|Any CPU.Build.0 = Debug|Any CPU
		{0B1BD2EE-2E99-46CA-8F5C-FD07DE595D48}.BSPBuilderDebug|Mixed Platforms.ActiveCfg = Debug|Any CPU
		{0B1BD2EE-2E99-46CA-8F5C-FD07DE595D48}.BSPBuilderDebug|Mixed Platforms.Build.0 = Debug|Any CPU
		{0B1BD2EE-2E99-46CA-8F5C-FD07DE595D48}.BSPBuilderDebug|x86.ActiveCfg = Debug|x86
		{0B1BD2EE-2E99-46CA-8F5C-FD07DE595D48}.BSPBuilderDebug|Xbox 360.ActiveCfg = Debug|Any CPU
		{0B1BD2EE-2E99-46CA-8F5C-FD07DE595D48}.BSPTestDebug|Any CPU.ActiveCfg = Debug|Any CPU
		{0B1BD2EE-2E99-46CA-8F5C-FD07DE595D48}.BSPTestDebug|Any CPU.Build.0 = Debug|Any CPU
		{0B1BD2EE-2E99-46CA-8F5C-FD07DE595D48}.BSPTestDebug|Mixed Platforms.ActiveCfg = Debug|Any CPU
		{0B1BD2EE-2E99-46CA-8F5C-FD07DE595D48}.BSPTestDebug|Mixed Platforms.Build.0 = Debug|Any CPU
		{0B1BD2EE-2E99-46CA-8F5C-FD07DE595D48}.BSPTestDebug|x86.ActiveCfg = Debug|Any CPU
		{0B1BD2EE-2E99-46CA-8F5C-FD07DE595D48}.BSPTestDebug|Xbox 360.ActiveCfg = Debug|Any CPU
		{0B1BD2EE-2E99-46CA-8F5C-FD07DE595D48}.ColladaConvertDebug|Any CPU.ActiveCfg = Debug|Any CPU
		{0B1BD2EE-2E99-46CA-8F5C-FD07DE595D48}.ColladaConvertDebug|Any CPU.Build.0 = Debug|Any CPU
		{0B1BD2EE-2E99-46CA-8F5C-FD07DE595D48}.ColladaConvertDebug|Mixed Platforms.ActiveCfg = Debug|Any CPU
		{0B1BD2EE-2E99-46CA-8F5C-FD07DE595D48}.ColladaConvertDebug|Mixed Platforms.Build.0 = Debug|Any CPU
		{0B1BD2EE-2E99-46CA-8F5C-FD07DE595D48}.ColladaConvertDebug|x86.ActiveCfg = Debug|Any CPU
		{0B1BD2EE-2E99-46CA-8F5C-FD07DE595D48}.ColladaConvertDebug|Xbox 360.ActiveCfg = Debug|Any CPU
		{0B1BD2EE-2E99-46CA-8F5C-FD07DE595D48}.Debug|Any CPU.ActiveCfg = Debug|Any CPU
		{0B1BD2EE-2E99-46CA-8F5C-FD07DE595D48}.Debug|Any CPU.Build.0 = Debug|Any CPU
		{0B1BD2EE-2E99-46CA-8F5C-FD07DE595D48}.Debug|Mixed Platforms.ActiveCfg = Debug|Any CPU
		{0B1BD2EE-2E99-46CA-8F5C-FD07DE595D48}.Debug|Mixed Platforms.Build.0 = Debug|Any CPU
		{0B1BD2EE-2E99-46CA-8F5C-FD07DE595D48}.Debug|x86.ActiveCfg = Debug|Any CPU
		{0B1BD2EE-2E99-46CA-8F5C-FD07DE595D48}.Debug|Xbox 360.ActiveCfg = Debug|Any CPU
		{0B1BD2EE-2E99-46CA-8F5C-FD07DE595D48}.Release|Any CPU.ActiveCfg = Release|Any CPU
		{0B1BD2EE-2E99-46CA-8F5C-FD07DE595D48}.Release|Any CPU.Build.0 = Release|Any CPU
		{0B1BD2EE-2E99-46CA-8F5C-FD07DE595D48}.Release|Mixed Platforms.ActiveCfg = Release|Any CPU
		{0B1BD2EE-2E99-46CA-8F5C-FD07DE595D48}.Release|Mixed Platforms.Build.0 = Release|Any CPU
		{0B1BD2EE-2E99-46CA-8F5C-FD07DE595D48}.Release|x86.ActiveCfg = Release|x86
		{0B1BD2EE-2E99-46CA-8F5C-FD07DE595D48}.Release|x86.Build.0 = Release|x86
		{0B1BD2EE-2E99-46CA-8F5C-FD07DE595D48}.Release|Xbox 360.ActiveCfg = Release|Any CPU
	EndGlobalSection
	GlobalSection(SolutionProperties) = preSolution
		HideSolutionNode = FALSE
	EndGlobalSection
EndGlobal
