
Microsoft Visual Studio Solution File, Format Version 10.00
# Visual C# Express 2008
Project("{FAE04EC0-301F-11D3-BF4B-00C04F79EFBC}") = "MaterialLib", "MaterialLib.csproj", "{E6EAA6B0-1140-4BE3-AEFD-0DF83A7A705B}"
EndProject
Project("{FAE04EC0-301F-11D3-BF4B-00C04F79EFBC}") = "MaterialLib360", "MaterialLib360.csproj", "{C4439A8A-A568-4FEC-9C65-4587E7701A54}"
EndProject
Global
	GlobalSection(SolutionConfigurationPlatforms) = preSolution
		Debug|Mixed Platforms = Debug|Mixed Platforms
		Debug|x86 = Debug|x86
		Debug|Xbox 360 = Debug|Xbox 360
		Release|Mixed Platforms = Release|Mixed Platforms
		Release|x86 = Release|x86
		Release|Xbox 360 = Release|Xbox 360
	EndGlobalSection
	GlobalSection(ProjectConfigurationPlatforms) = postSolution
		{E6EAA6B0-1140-4BE3-AEFD-0DF83A7A705B}.Debug|Mixed Platforms.ActiveCfg = Debug|x86
		{E6EAA6B0-1140-4BE3-AEFD-0DF83A7A705B}.Debug|Mixed Platforms.Build.0 = Debug|x86
		{E6EAA6B0-1140-4BE3-AEFD-0DF83A7A705B}.Debug|x86.ActiveCfg = Debug|x86
		{E6EAA6B0-1140-4BE3-AEFD-0DF83A7A705B}.Debug|x86.Build.0 = Debug|x86
		{E6EAA6B0-1140-4BE3-AEFD-0DF83A7A705B}.Debug|Xbox 360.ActiveCfg = Debug|x86
		{E6EAA6B0-1140-4BE3-AEFD-0DF83A7A705B}.Release|Mixed Platforms.ActiveCfg = Release|x86
		{E6EAA6B0-1140-4BE3-AEFD-0DF83A7A705B}.Release|Mixed Platforms.Build.0 = Release|x86
		{E6EAA6B0-1140-4BE3-AEFD-0DF83A7A705B}.Release|x86.ActiveCfg = Release|x86
		{E6EAA6B0-1140-4BE3-AEFD-0DF83A7A705B}.Release|x86.Build.0 = Release|x86
		{E6EAA6B0-1140-4BE3-AEFD-0DF83A7A705B}.Release|Xbox 360.ActiveCfg = Release|x86
		{C4439A8A-A568-4FEC-9C65-4587E7701A54}.Debug|Mixed Platforms.ActiveCfg = Debug|Xbox 360
		{C4439A8A-A568-4FEC-9C65-4587E7701A54}.Debug|Mixed Platforms.Build.0 = Debug|Xbox 360
		{C4439A8A-A568-4FEC-9C65-4587E7701A54}.Debug|x86.ActiveCfg = Debug|Xbox 360
		{C4439A8A-A568-4FEC-9C65-4587E7701A54}.Debug|Xbox 360.ActiveCfg = Debug|Xbox 360
		{C4439A8A-A568-4FEC-9C65-4587E7701A54}.Debug|Xbox 360.Build.0 = Debug|Xbox 360
		{C4439A8A-A568-4FEC-9C65-4587E7701A54}.Release|Mixed Platforms.ActiveCfg = Release|Xbox 360
		{C4439A8A-A568-4FEC-9C65-4587E7701A54}.Release|Mixed Platforms.Build.0 = Release|Xbox 360
		{C4439A8A-A568-4FEC-9C65-4587E7701A54}.Release|x86.ActiveCfg = Release|Xbox 360
		{C4439A8A-A568-4FEC-9C65-4587E7701A54}.Release|Xbox 360.ActiveCfg = Release|Xbox 360
		{C4439A8A-A568-4FEC-9C65-4587E7701A54}.Release|Xbox 360.Build.0 = Release|Xbox 360
	EndGlobalSection
	GlobalSection(SolutionProperties) = preSolution
		HideSolutionNode = FALSE
	EndGlobalSection
EndGlobal
